
Microsoft Visual Studio Solution File, Format Version 12.00
# Visual Studio Version 17
VisualStudioVersion = 17.9.34607.119
MinimumVisualStudioVersion = 10.0.40219.1
Project("{6989167D-11E4-40FE-8C1A-2192A86A7E90}") = "Fortran2018_Term1", "Fortran2018_Term1\Fortran2018_Term1.vfproj", "{D401F02B-E0C4-4410-9476-BBCA18F8AD76}"
EndProject
Global
	GlobalSection(SolutionConfigurationPlatforms) = preSolution
		Debug|x64 = Debug|x64
		Debug|x86 = Debug|x86
		Release|x64 = Release|x64
		Release|x86 = Release|x86
	EndGlobalSection
	GlobalSection(ProjectConfigurationPlatforms) = postSolution
		{D401F02B-E0C4-4410-9476-BBCA18F8AD76}.Debug|x64.ActiveCfg = Debug|x64
		{D401F02B-E0C4-4410-9476-BBCA18F8AD76}.Debug|x64.Build.0 = Debug|x64
		{D401F02B-E0C4-4410-9476-BBCA18F8AD76}.Debug|x86.ActiveCfg = Debug|Win32
		{D401F02B-E0C4-4410-9476-BBCA18F8AD76}.Debug|x86.Build.0 = Debug|Win32
		{D401F02B-E0C4-4410-9476-BBCA18F8AD76}.Release|x64.ActiveCfg = Release|x64
		{D401F02B-E0C4-4410-9476-BBCA18F8AD76}.Release|x64.Build.0 = Release|x64
		{D401F02B-E0C4-4410-9476-BBCA18F8AD76}.Release|x86.ActiveCfg = Release|Win32
		{D401F02B-E0C4-4410-9476-BBCA18F8AD76}.Release|x86.Build.0 = Release|Win32
	EndGlobalSection
	GlobalSection(SolutionProperties) = preSolution
		HideSolutionNode = FALSE
	EndGlobalSection
	GlobalSection(ExtensibilityGlobals) = postSolution
		SolutionGuid = {7F2F0006-C6DF-4D7E-A067-8F78A3208C6D}
	EndGlobalSection
EndGlobal
